
Microsoft Visual Studio Solution File, Format Version 12.00
# Visual Studio Version 16
VisualStudioVersion = 16.0.29306.81
MinimumVisualStudioVersion = 10.0.40219.1
Project("{2150E333-8FDC-42A3-9474-1A3956D46DE8}") = "Foundation", "Foundation", "{39086B62-DE8B-4E8B-A1FB-1F41CD0A18C0}"
EndProject
Project("{2150E333-8FDC-42A3-9474-1A3956D46DE8}") = "Feature", "Feature", "{33E8A039-1A4D-4F71-99F6-9D59DEC66D77}"
EndProject
Project("{CAA73BB0-EF22-4D79-A57E-DF67B3BA9C80}") = "Sitecore.Feature.Demo.Master", "src\Feature\Demo\Serialization\Sitecore.Feature.Demo.Master\Sitecore.Feature.Demo.Master.scproj", "{2903C46B-A5DA-42D9-A367-296E1A7A3564}"
EndProject
Project("{FAE04EC0-301F-11D3-BF4B-00C04F79EFBC}") = "Sitecore.Foundation.SitecoreExtensions", "src\Foundation\SitecoreExtensions\code\Sitecore.Foundation.SitecoreExtensions.csproj", "{B535703F-8D07-4F23-A533-2974BB4CC7B1}"
EndProject
Project("{FAE04EC0-301F-11D3-BF4B-00C04F79EFBC}") = "Sitecore.Foundation.Assets", "src\Foundation\Assets\code\Sitecore.Foundation.Assets.csproj", "{7E46FF93-EE05-412C-AC47-2A59A13DA73C}"
EndProject
Project("{CAA73BB0-EF22-4D79-A57E-DF67B3BA9C80}") = "Sitecore.Foundation.Assets.Master", "src\Foundation\Assets\serialization\Sitecore.Foundation.Assets.Master\Sitecore.Foundation.Assets.Master.scproj", "{87694311-8F71-4FDD-8C62-45A5695F6EA4}"
EndProject
Project("{FAE04EC0-301F-11D3-BF4B-00C04F79EFBC}") = "Sitecore.Foundation.DependencyInjection", "src\Foundation\DependencyInjection\code\Sitecore.Foundation.DependencyInjection.csproj", "{366148B7-2392-4F42-80D6-786B7A3682AE}"
EndProject
Project("{FAE04EC0-301F-11D3-BF4B-00C04F79EFBC}") = "Sitecore.Feature.Demo", "src\Feature\Demo\code\Sitecore.Feature.Demo\Sitecore.Feature.Demo\Sitecore.Feature.Demo.csproj", "{3257FD99-C0E6-453F-BA3B-A78A3CAB0D91}"
EndProject
Project("{2150E333-8FDC-42A3-9474-1A3956D46DE8}") = "Project", "Project", "{66822F02-DABE-4F03-AC6A-FEBBDA7EE391}"
EndProject
Project("{FAE04EC0-301F-11D3-BF4B-00C04F79EFBC}") = "Sitecore.Common.Website", "src\Project\Common\code\Sitecore.Common.Website.csproj", "{C98EAD78-4D83-4789-A621-6011C3D7314D}"
EndProject
Project("{CAA73BB0-EF22-4D79-A57E-DF67B3BA9C80}") = "Sitecore.Common.Website.Master", "src\Project\Common\serialization\Sitecore.Common.Website.Master\Sitecore.Common.Website.Master.scproj", "{9422CDB6-2B1E-42C0-A704-D85E02F4206E}"
EndProject
Project("{2150E333-8FDC-42A3-9474-1A3956D46DE8}") = "Configuration", "Configuration", "{DFA9BEFB-67B6-4D2C-972E-46A211D1A0AD}"
	ProjectSection(SolutionItems) = preProject
		TdsGlobal.config = TdsGlobal.config
	EndProjectSection
EndProject
Global
	GlobalSection(SolutionConfigurationPlatforms) = preSolution
		Debug|Any CPU = Debug|Any CPU
		Release|Any CPU = Release|Any CPU
	EndGlobalSection
	GlobalSection(ProjectConfigurationPlatforms) = postSolution
		{2903C46B-A5DA-42D9-A367-296E1A7A3564}.Debug|Any CPU.ActiveCfg = Debug|Any CPU
		{2903C46B-A5DA-42D9-A367-296E1A7A3564}.Debug|Any CPU.Build.0 = Debug|Any CPU
		{2903C46B-A5DA-42D9-A367-296E1A7A3564}.Debug|Any CPU.Deploy.0 = Debug|Any CPU
		{2903C46B-A5DA-42D9-A367-296E1A7A3564}.Release|Any CPU.ActiveCfg = Release|Any CPU
		{2903C46B-A5DA-42D9-A367-296E1A7A3564}.Release|Any CPU.Build.0 = Release|Any CPU
		{2903C46B-A5DA-42D9-A367-296E1A7A3564}.Release|Any CPU.Deploy.0 = Release|Any CPU
		{B535703F-8D07-4F23-A533-2974BB4CC7B1}.Debug|Any CPU.ActiveCfg = Debug|Any CPU
		{B535703F-8D07-4F23-A533-2974BB4CC7B1}.Debug|Any CPU.Build.0 = Debug|Any CPU
		{B535703F-8D07-4F23-A533-2974BB4CC7B1}.Release|Any CPU.ActiveCfg = Release|Any CPU
		{B535703F-8D07-4F23-A533-2974BB4CC7B1}.Release|Any CPU.Build.0 = Release|Any CPU
		{7E46FF93-EE05-412C-AC47-2A59A13DA73C}.Debug|Any CPU.ActiveCfg = Debug|Any CPU
		{7E46FF93-EE05-412C-AC47-2A59A13DA73C}.Debug|Any CPU.Build.0 = Debug|Any CPU
		{7E46FF93-EE05-412C-AC47-2A59A13DA73C}.Release|Any CPU.ActiveCfg = Release|Any CPU
		{7E46FF93-EE05-412C-AC47-2A59A13DA73C}.Release|Any CPU.Build.0 = Release|Any CPU
		{87694311-8F71-4FDD-8C62-45A5695F6EA4}.Debug|Any CPU.ActiveCfg = Debug|Any CPU
		{87694311-8F71-4FDD-8C62-45A5695F6EA4}.Debug|Any CPU.Build.0 = Debug|Any CPU
		{87694311-8F71-4FDD-8C62-45A5695F6EA4}.Debug|Any CPU.Deploy.0 = Debug|Any CPU
		{87694311-8F71-4FDD-8C62-45A5695F6EA4}.Release|Any CPU.ActiveCfg = Release|Any CPU
		{87694311-8F71-4FDD-8C62-45A5695F6EA4}.Release|Any CPU.Build.0 = Release|Any CPU
		{87694311-8F71-4FDD-8C62-45A5695F6EA4}.Release|Any CPU.Deploy.0 = Release|Any CPU
		{366148B7-2392-4F42-80D6-786B7A3682AE}.Debug|Any CPU.ActiveCfg = Debug|Any CPU
		{366148B7-2392-4F42-80D6-786B7A3682AE}.Debug|Any CPU.Build.0 = Debug|Any CPU
		{366148B7-2392-4F42-80D6-786B7A3682AE}.Release|Any CPU.ActiveCfg = Release|Any CPU
		{366148B7-2392-4F42-80D6-786B7A3682AE}.Release|Any CPU.Build.0 = Release|Any CPU
		{3257FD99-C0E6-453F-BA3B-A78A3CAB0D91}.Debug|Any CPU.ActiveCfg = Debug|Any CPU
		{3257FD99-C0E6-453F-BA3B-A78A3CAB0D91}.Debug|Any CPU.Build.0 = Debug|Any CPU
		{3257FD99-C0E6-453F-BA3B-A78A3CAB0D91}.Release|Any CPU.ActiveCfg = Release|Any CPU
		{3257FD99-C0E6-453F-BA3B-A78A3CAB0D91}.Release|Any CPU.Build.0 = Release|Any CPU
		{C98EAD78-4D83-4789-A621-6011C3D7314D}.Debug|Any CPU.ActiveCfg = Debug|Any CPU
		{C98EAD78-4D83-4789-A621-6011C3D7314D}.Debug|Any CPU.Build.0 = Debug|Any CPU
		{C98EAD78-4D83-4789-A621-6011C3D7314D}.Release|Any CPU.ActiveCfg = Release|Any CPU
		{C98EAD78-4D83-4789-A621-6011C3D7314D}.Release|Any CPU.Build.0 = Release|Any CPU
		{9422CDB6-2B1E-42C0-A704-D85E02F4206E}.Debug|Any CPU.ActiveCfg = Debug|Any CPU
		{9422CDB6-2B1E-42C0-A704-D85E02F4206E}.Debug|Any CPU.Build.0 = Debug|Any CPU
		{9422CDB6-2B1E-42C0-A704-D85E02F4206E}.Debug|Any CPU.Deploy.0 = Debug|Any CPU
		{9422CDB6-2B1E-42C0-A704-D85E02F4206E}.Release|Any CPU.ActiveCfg = Release|Any CPU
		{9422CDB6-2B1E-42C0-A704-D85E02F4206E}.Release|Any CPU.Build.0 = Release|Any CPU
		{9422CDB6-2B1E-42C0-A704-D85E02F4206E}.Release|Any CPU.Deploy.0 = Release|Any CPU
	EndGlobalSection
	GlobalSection(SolutionProperties) = preSolution
		HideSolutionNode = FALSE
	EndGlobalSection
	GlobalSection(NestedProjects) = preSolution
		{2903C46B-A5DA-42D9-A367-296E1A7A3564} = {33E8A039-1A4D-4F71-99F6-9D59DEC66D77}
		{B535703F-8D07-4F23-A533-2974BB4CC7B1} = {39086B62-DE8B-4E8B-A1FB-1F41CD0A18C0}
		{7E46FF93-EE05-412C-AC47-2A59A13DA73C} = {39086B62-DE8B-4E8B-A1FB-1F41CD0A18C0}
		{87694311-8F71-4FDD-8C62-45A5695F6EA4} = {39086B62-DE8B-4E8B-A1FB-1F41CD0A18C0}
		{366148B7-2392-4F42-80D6-786B7A3682AE} = {39086B62-DE8B-4E8B-A1FB-1F41CD0A18C0}
		{3257FD99-C0E6-453F-BA3B-A78A3CAB0D91} = {33E8A039-1A4D-4F71-99F6-9D59DEC66D77}
		{C98EAD78-4D83-4789-A621-6011C3D7314D} = {66822F02-DABE-4F03-AC6A-FEBBDA7EE391}
		{9422CDB6-2B1E-42C0-A704-D85E02F4206E} = {66822F02-DABE-4F03-AC6A-FEBBDA7EE391}
	EndGlobalSection
	GlobalSection(ExtensibilityGlobals) = postSolution
		SolutionGuid = {2F8EEADD-F82F-4083-9CEA-16D54779FB4F}
	EndGlobalSection
EndGlobal
